
Microsoft Visual Studio Solution File, Format Version 12.00
# Visual Studio Version 17
VisualStudioVersion = 17.0.31903.59
MinimumVisualStudioVersion = 10.0.40219.1
Project("{8BC9CEB8-8B4A-11D0-8D11-00A0C91BC942}") = "day1", "day1\day1.vcxproj", "{C9387BEA-5082-40B0-ADCB-D82555A5AB0A}"
EndProject
Project("{8BC9CEB8-8B4A-11D0-8D11-00A0C91BC942}") = "day2", "day2\day2.vcxproj", "{CA5BC98E-0B1B-4E34-ACAD-DDF8F16D6981}"
EndProject
Project("{8BC9CEB8-8B4A-11D0-8D11-00A0C91BC942}") = "day3", "day3\day3.vcxproj", "{E5E08526-2445-4649-B73F-267108BFBD1C}"
EndProject
Project("{8BC9CEB8-8B4A-11D0-8D11-00A0C91BC942}") = "day4", "day4\day4.vcxproj", "{10C7EDA7-E794-46F6-B0DC-6A4B02277456}"
EndProject
Project("{8BC9CEB8-8B4A-11D0-8D11-00A0C91BC942}") = "day5", "day5\day5.vcxproj", "{EAFE185E-9D8A-4FF2-80B7-AD824584B9EE}"
EndProject
Project("{8BC9CEB8-8B4A-11D0-8D11-00A0C91BC942}") = "day6", "day6\day6.vcxproj", "{AE0ED1ED-99FA-45E3-A09C-F03667F0E42A}"
EndProject
Project("{8BC9CEB8-8B4A-11D0-8D11-00A0C91BC942}") = "day7", "day7\day7.vcxproj", "{3A439F26-71B8-47E0-8BB7-461BF6670199}"
EndProject
Project("{8BC9CEB8-8B4A-11D0-8D11-00A0C91BC942}") = "day8", "day8\day8.vcxproj", "{512CFA9E-ABA7-42DF-B4AE-0D4E0E6A2AA3}"
EndProject
Project("{8BC9CEB8-8B4A-11D0-8D11-00A0C91BC942}") = "day9", "day9\day9.vcxproj", "{0CCE0E3A-941C-401D-A2BF-D99095C05750}"
EndProject
Project("{8BC9CEB8-8B4A-11D0-8D11-00A0C91BC942}") = "day10", "day10\day10.vcxproj", "{D4A6AAA1-6203-45CB-939F-B65EF0B5795B}"
EndProject
Project("{8BC9CEB8-8B4A-11D0-8D11-00A0C91BC942}") = "day11", "day11\day11.vcxproj", "{7A7BDBA7-8A11-4CB1-8BB7-11058EE669AE}"
EndProject
Project("{8BC9CEB8-8B4A-11D0-8D11-00A0C91BC942}") = "day12", "day12\day12.vcxproj", "{5E0347CE-D509-48E3-A319-12F96C5D4A31}"
EndProject
Project("{8BC9CEB8-8B4A-11D0-8D11-00A0C91BC942}") = "day13", "day13\day13.vcxproj", "{B2B57570-C73B-496C-BBE8-0EF8C136D165}"
EndProject
Project("{8BC9CEB8-8B4A-11D0-8D11-00A0C91BC942}") = "day14", "day14\day14.vcxproj", "{A8460771-64C7-48B3-911B-0693EB29E598}"
EndProject
Project("{8BC9CEB8-8B4A-11D0-8D11-00A0C91BC942}") = "day15", "day15\day15.vcxproj", "{392CB253-CF11-4A9B-9D1E-6FC0ADA5CF70}"
EndProject
Project("{8BC9CEB8-8B4A-11D0-8D11-00A0C91BC942}") = "day16", "day16\day16.vcxproj", "{39D896AA-E353-472E-8BE0-3D3B74DF7C0E}"
EndProject
Project("{8BC9CEB8-8B4A-11D0-8D11-00A0C91BC942}") = "day17", "day17\day17.vcxproj", "{D922F76B-991A-4BCF-B041-6F10B83EAB87}"
EndProject
Project("{8BC9CEB8-8B4A-11D0-8D11-00A0C91BC942}") = "day18", "day18\day18.vcxproj", "{D8947A8B-0120-43D7-B3B1-FB7BD1D30E02}"
EndProject
Project("{8BC9CEB8-8B4A-11D0-8D11-00A0C91BC942}") = "day19", "day19\day19.vcxproj", "{6F400E33-B41F-446F-BBFA-12FC5CB76B1A}"
EndProject
Project("{8BC9CEB8-8B4A-11D0-8D11-00A0C91BC942}") = "day20", "day20\day20.vcxproj", "{AE4CAFFC-33E3-4556-AC83-64EE42379240}"
EndProject
Project("{8BC9CEB8-8B4A-11D0-8D11-00A0C91BC942}") = "day21", "day21\day21.vcxproj", "{6724FAE2-896F-4723-9785-817751DC820F}"
EndProject
Project("{8BC9CEB8-8B4A-11D0-8D11-00A0C91BC942}") = "day22", "day22\day22.vcxproj", "{940B301E-FA71-48E1-86B9-A592F54A22DA}"
EndProject
Project("{8BC9CEB8-8B4A-11D0-8D11-00A0C91BC942}") = "day23", "day23\day23.vcxproj", "{AB4B1DA5-2D9D-46D6-BEF3-EAB834060231}"
EndProject
Project("{8BC9CEB8-8B4A-11D0-8D11-00A0C91BC942}") = "day25", "day25\day25.vcxproj", "{93140DF4-60D8-49E6-AAFD-A0EC6BC0DB23}"
EndProject
Project("{8BC9CEB8-8B4A-11D0-8D11-00A0C91BC942}") = "day24", "day24\day24.vcxproj", "{31123E68-0184-446A-8509-C2124ABF2094}"
EndProject
Global
	GlobalSection(SolutionConfigurationPlatforms) = preSolution
		Debug|x64 = Debug|x64
		Debug|x86 = Debug|x86
		Release|x64 = Release|x64
		Release|x86 = Release|x86
	EndGlobalSection
	GlobalSection(ProjectConfigurationPlatforms) = postSolution
		{C9387BEA-5082-40B0-ADCB-D82555A5AB0A}.Debug|x64.ActiveCfg = Debug|x64
		{C9387BEA-5082-40B0-ADCB-D82555A5AB0A}.Debug|x64.Build.0 = Debug|x64
		{C9387BEA-5082-40B0-ADCB-D82555A5AB0A}.Debug|x86.ActiveCfg = Debug|Win32
		{C9387BEA-5082-40B0-ADCB-D82555A5AB0A}.Debug|x86.Build.0 = Debug|Win32
		{C9387BEA-5082-40B0-ADCB-D82555A5AB0A}.Release|x64.ActiveCfg = Release|x64
		{C9387BEA-5082-40B0-ADCB-D82555A5AB0A}.Release|x64.Build.0 = Release|x64
		{C9387BEA-5082-40B0-ADCB-D82555A5AB0A}.Release|x86.ActiveCfg = Release|Win32
		{C9387BEA-5082-40B0-ADCB-D82555A5AB0A}.Release|x86.Build.0 = Release|Win32
		{CA5BC98E-0B1B-4E34-ACAD-DDF8F16D6981}.Debug|x64.ActiveCfg = Debug|x64
		{CA5BC98E-0B1B-4E34-ACAD-DDF8F16D6981}.Debug|x64.Build.0 = Debug|x64
		{CA5BC98E-0B1B-4E34-ACAD-DDF8F16D6981}.Debug|x86.ActiveCfg = Debug|Win32
		{CA5BC98E-0B1B-4E34-ACAD-DDF8F16D6981}.Debug|x86.Build.0 = Debug|Win32
		{CA5BC98E-0B1B-4E34-ACAD-DDF8F16D6981}.Release|x64.ActiveCfg = Release|x64
		{CA5BC98E-0B1B-4E34-ACAD-DDF8F16D6981}.Release|x64.Build.0 = Release|x64
		{CA5BC98E-0B1B-4E34-ACAD-DDF8F16D6981}.Release|x86.ActiveCfg = Release|Win32
		{CA5BC98E-0B1B-4E34-ACAD-DDF8F16D6981}.Release|x86.Build.0 = Release|Win32
		{E5E08526-2445-4649-B73F-267108BFBD1C}.Debug|x64.ActiveCfg = Debug|x64
		{E5E08526-2445-4649-B73F-267108BFBD1C}.Debug|x64.Build.0 = Debug|x64
		{E5E08526-2445-4649-B73F-267108BFBD1C}.Debug|x86.ActiveCfg = Debug|Win32
		{E5E08526-2445-4649-B73F-267108BFBD1C}.Debug|x86.Build.0 = Debug|Win32
		{E5E08526-2445-4649-B73F-267108BFBD1C}.Release|x64.ActiveCfg = Release|x64
		{E5E08526-2445-4649-B73F-267108BFBD1C}.Release|x64.Build.0 = Release|x64
		{E5E08526-2445-4649-B73F-267108BFBD1C}.Release|x86.ActiveCfg = Release|Win32
		{E5E08526-2445-4649-B73F-267108BFBD1C}.Release|x86.Build.0 = Release|Win32
		{10C7EDA7-E794-46F6-B0DC-6A4B02277456}.Debug|x64.ActiveCfg = Debug|x64
		{10C7EDA7-E794-46F6-B0DC-6A4B02277456}.Debug|x64.Build.0 = Debug|x64
		{10C7EDA7-E794-46F6-B0DC-6A4B02277456}.Debug|x86.ActiveCfg = Debug|Win32
		{10C7EDA7-E794-46F6-B0DC-6A4B02277456}.Debug|x86.Build.0 = Debug|Win32
		{10C7EDA7-E794-46F6-B0DC-6A4B02277456}.Release|x64.ActiveCfg = Release|x64
		{10C7EDA7-E794-46F6-B0DC-6A4B02277456}.Release|x64.Build.0 = Release|x64
		{10C7EDA7-E794-46F6-B0DC-6A4B02277456}.Release|x86.ActiveCfg = Release|Win32
		{10C7EDA7-E794-46F6-B0DC-6A4B02277456}.Release|x86.Build.0 = Release|Win32
		{EAFE185E-9D8A-4FF2-80B7-AD824584B9EE}.Debug|x64.ActiveCfg = Debug|x64
		{EAFE185E-9D8A-4FF2-80B7-AD824584B9EE}.Debug|x64.Build.0 = Debug|x64
		{EAFE185E-9D8A-4FF2-80B7-AD824584B9EE}.Debug|x86.ActiveCfg = Debug|Win32
		{EAFE185E-9D8A-4FF2-80B7-AD824584B9EE}.Debug|x86.Build.0 = Debug|Win32
		{EAFE185E-9D8A-4FF2-80B7-AD824584B9EE}.Release|x64.ActiveCfg = Release|x64
		{EAFE185E-9D8A-4FF2-80B7-AD824584B9EE}.Release|x64.Build.0 = Release|x64
		{EAFE185E-9D8A-4FF2-80B7-AD824584B9EE}.Release|x86.ActiveCfg = Release|Win32
		{EAFE185E-9D8A-4FF2-80B7-AD824584B9EE}.Release|x86.Build.0 = Release|Win32
		{AE0ED1ED-99FA-45E3-A09C-F03667F0E42A}.Debug|x64.ActiveCfg = Debug|x64
		{AE0ED1ED-99FA-45E3-A09C-F03667F0E42A}.Debug|x64.Build.0 = Debug|x64
		{AE0ED1ED-99FA-45E3-A09C-F03667F0E42A}.Debug|x86.ActiveCfg = Debug|Win32
		{AE0ED1ED-99FA-45E3-A09C-F03667F0E42A}.Debug|x86.Build.0 = Debug|Win32
		{AE0ED1ED-99FA-45E3-A09C-F03667F0E42A}.Release|x64.ActiveCfg = Release|x64
		{AE0ED1ED-99FA-45E3-A09C-F03667F0E42A}.Release|x64.Build.0 = Release|x64
		{AE0ED1ED-99FA-45E3-A09C-F03667F0E42A}.Release|x86.ActiveCfg = Release|Win32
		{AE0ED1ED-99FA-45E3-A09C-F03667F0E42A}.Release|x86.Build.0 = Release|Win32
		{3A439F26-71B8-47E0-8BB7-461BF6670199}.Debug|x64.ActiveCfg = Debug|x64
		{3A439F26-71B8-47E0-8BB7-461BF6670199}.Debug|x64.Build.0 = Debug|x64
		{3A439F26-71B8-47E0-8BB7-461BF6670199}.Debug|x86.ActiveCfg = Debug|Win32
		{3A439F26-71B8-47E0-8BB7-461BF6670199}.Debug|x86.Build.0 = Debug|Win32
		{3A439F26-71B8-47E0-8BB7-461BF6670199}.Release|x64.ActiveCfg = Release|x64
		{3A439F26-71B8-47E0-8BB7-461BF6670199}.Release|x64.Build.0 = Release|x64
		{3A439F26-71B8-47E0-8BB7-461BF6670199}.Release|x86.ActiveCfg = Release|Win32
		{3A439F26-71B8-47E0-8BB7-461BF6670199}.Release|x86.Build.0 = Release|Win32
		{512CFA9E-ABA7-42DF-B4AE-0D4E0E6A2AA3}.Debug|x64.ActiveCfg = Debug|x64
		{512CFA9E-ABA7-42DF-B4AE-0D4E0E6A2AA3}.Debug|x64.Build.0 = Debug|x64
		{512CFA9E-ABA7-42DF-B4AE-0D4E0E6A2AA3}.Debug|x86.ActiveCfg = Debug|Win32
		{512CFA9E-ABA7-42DF-B4AE-0D4E0E6A2AA3}.Debug|x86.Build.0 = Debug|Win32
		{512CFA9E-ABA7-42DF-B4AE-0D4E0E6A2AA3}.Release|x64.ActiveCfg = Release|x64
		{512CFA9E-ABA7-42DF-B4AE-0D4E0E6A2AA3}.Release|x64.Build.0 = Release|x64
		{512CFA9E-ABA7-42DF-B4AE-0D4E0E6A2AA3}.Release|x86.ActiveCfg = Release|Win32
		{512CFA9E-ABA7-42DF-B4AE-0D4E0E6A2AA3}.Release|x86.Build.0 = Release|Win32
		{0CCE0E3A-941C-401D-A2BF-D99095C05750}.Debug|x64.ActiveCfg = Debug|x64
		{0CCE0E3A-941C-401D-A2BF-D99095C05750}.Debug|x64.Build.0 = Debug|x64
		{0CCE0E3A-941C-401D-A2BF-D99095C05750}.Debug|x86.ActiveCfg = Debug|Win32
		{0CCE0E3A-941C-401D-A2BF-D99095C05750}.Debug|x86.Build.0 = Debug|Win32
		{0CCE0E3A-941C-401D-A2BF-D99095C05750}.Release|x64.ActiveCfg = Release|x64
		{0CCE0E3A-941C-401D-A2BF-D99095C05750}.Release|x64.Build.0 = Release|x64
		{0CCE0E3A-941C-401D-A2BF-D99095C05750}.Release|x86.ActiveCfg = Release|Win32
		{0CCE0E3A-941C-401D-A2BF-D99095C05750}.Release|x86.Build.0 = Release|Win32
		{D4A6AAA1-6203-45CB-939F-B65EF0B5795B}.Debug|x64.ActiveCfg = Debug|x64
		{D4A6AAA1-6203-45CB-939F-B65EF0B5795B}.Debug|x64.Build.0 = Debug|x64
		{D4A6AAA1-6203-45CB-939F-B65EF0B5795B}.Debug|x86.ActiveCfg = Debug|Win32
		{D4A6AAA1-6203-45CB-939F-B65EF0B5795B}.Debug|x86.Build.0 = Debug|Win32
		{D4A6AAA1-6203-45CB-939F-B65EF0B5795B}.Release|x64.ActiveCfg = Release|x64
		{D4A6AAA1-6203-45CB-939F-B65EF0B5795B}.Release|x64.Build.0 = Release|x64
		{D4A6AAA1-6203-45CB-939F-B65EF0B5795B}.Release|x86.ActiveCfg = Release|Win32
		{D4A6AAA1-6203-45CB-939F-B65EF0B5795B}.Release|x86.Build.0 = Release|Win32
		{7A7BDBA7-8A11-4CB1-8BB7-11058EE669AE}.Debug|x64.ActiveCfg = Debug|x64
		{7A7BDBA7-8A11-4CB1-8BB7-11058EE669AE}.Debug|x64.Build.0 = Debug|x64
		{7A7BDBA7-8A11-4CB1-8BB7-11058EE669AE}.Debug|x86.ActiveCfg = Debug|Win32
		{7A7BDBA7-8A11-4CB1-8BB7-11058EE669AE}.Debug|x86.Build.0 = Debug|Win32
		{7A7BDBA7-8A11-4CB1-8BB7-11058EE669AE}.Release|x64.ActiveCfg = Release|x64
		{7A7BDBA7-8A11-4CB1-8BB7-11058EE669AE}.Release|x64.Build.0 = Release|x64
		{7A7BDBA7-8A11-4CB1-8BB7-11058EE669AE}.Release|x86.ActiveCfg = Release|Win32
		{7A7BDBA7-8A11-4CB1-8BB7-11058EE669AE}.Release|x86.Build.0 = Release|Win32
		{5E0347CE-D509-48E3-A319-12F96C5D4A31}.Debug|x64.ActiveCfg = Debug|x64
		{5E0347CE-D509-48E3-A319-12F96C5D4A31}.Debug|x64.Build.0 = Debug|x64
		{5E0347CE-D509-48E3-A319-12F96C5D4A31}.Debug|x86.ActiveCfg = Debug|Win32
		{5E0347CE-D509-48E3-A319-12F96C5D4A31}.Debug|x86.Build.0 = Debug|Win32
		{5E0347CE-D509-48E3-A319-12F96C5D4A31}.Release|x64.ActiveCfg = Release|x64
		{5E0347CE-D509-48E3-A319-12F96C5D4A31}.Release|x64.Build.0 = Release|x64
		{5E0347CE-D509-48E3-A319-12F96C5D4A31}.Release|x86.ActiveCfg = Release|Win32
		{5E0347CE-D509-48E3-A319-12F96C5D4A31}.Release|x86.Build.0 = Release|Win32
		{B2B57570-C73B-496C-BBE8-0EF8C136D165}.Debug|x64.ActiveCfg = Debug|x64
		{B2B57570-C73B-496C-BBE8-0EF8C136D165}.Debug|x64.Build.0 = Debug|x64
		{B2B57570-C73B-496C-BBE8-0EF8C136D165}.Debug|x86.ActiveCfg = Debug|Win32
		{B2B57570-C73B-496C-BBE8-0EF8C136D165}.Debug|x86.Build.0 = Debug|Win32
		{B2B57570-C73B-496C-BBE8-0EF8C136D165}.Release|x64.ActiveCfg = Release|x64
		{B2B57570-C73B-496C-BBE8-0EF8C136D165}.Release|x64.Build.0 = Release|x64
		{B2B57570-C73B-496C-BBE8-0EF8C136D165}.Release|x86.ActiveCfg = Release|Win32
		{B2B57570-C73B-496C-BBE8-0EF8C136D165}.Release|x86.Build.0 = Release|Win32
		{A8460771-64C7-48B3-911B-0693EB29E598}.Debug|x64.ActiveCfg = Debug|x64
		{A8460771-64C7-48B3-911B-0693EB29E598}.Debug|x64.Build.0 = Debug|x64
		{A8460771-64C7-48B3-911B-0693EB29E598}.Debug|x86.ActiveCfg = Debug|Win32
		{A8460771-64C7-48B3-911B-0693EB29E598}.Debug|x86.Build.0 = Debug|Win32
		{A8460771-64C7-48B3-911B-0693EB29E598}.Release|x64.ActiveCfg = Release|x64
		{A8460771-64C7-48B3-911B-0693EB29E598}.Release|x64.Build.0 = Release|x64
		{A8460771-64C7-48B3-911B-0693EB29E598}.Release|x86.ActiveCfg = Release|Win32
		{A8460771-64C7-48B3-911B-0693EB29E598}.Release|x86.Build.0 = Release|Win32
		{392CB253-CF11-4A9B-9D1E-6FC0ADA5CF70}.Debug|x64.ActiveCfg = Debug|x64
		{392CB253-CF11-4A9B-9D1E-6FC0ADA5CF70}.Debug|x64.Build.0 = Debug|x64
		{392CB253-CF11-4A9B-9D1E-6FC0ADA5CF70}.Debug|x86.ActiveCfg = Debug|Win32
		{392CB253-CF11-4A9B-9D1E-6FC0ADA5CF70}.Debug|x86.Build.0 = Debug|Win32
		{392CB253-CF11-4A9B-9D1E-6FC0ADA5CF70}.Release|x64.ActiveCfg = Release|x64
		{392CB253-CF11-4A9B-9D1E-6FC0ADA5CF70}.Release|x64.Build.0 = Release|x64
		{392CB253-CF11-4A9B-9D1E-6FC0ADA5CF70}.Release|x86.ActiveCfg = Release|Win32
		{392CB253-CF11-4A9B-9D1E-6FC0ADA5CF70}.Release|x86.Build.0 = Release|Win32
		{39D896AA-E353-472E-8BE0-3D3B74DF7C0E}.Debug|x64.ActiveCfg = Debug|x64
		{39D896AA-E353-472E-8BE0-3D3B74DF7C0E}.Debug|x64.Build.0 = Debug|x64
		{39D896AA-E353-472E-8BE0-3D3B74DF7C0E}.Debug|x86.ActiveCfg = Debug|Win32
		{39D896AA-E353-472E-8BE0-3D3B74DF7C0E}.Debug|x86.Build.0 = Debug|Win32
		{39D896AA-E353-472E-8BE0-3D3B74DF7C0E}.Release|x64.ActiveCfg = Release|x64
		{39D896AA-E353-472E-8BE0-3D3B74DF7C0E}.Release|x64.Build.0 = Release|x64
		{39D896AA-E353-472E-8BE0-3D3B74DF7C0E}.Release|x86.ActiveCfg = Release|Win32
		{39D896AA-E353-472E-8BE0-3D3B74DF7C0E}.Release|x86.Build.0 = Release|Win32
		{D922F76B-991A-4BCF-B041-6F10B83EAB87}.Debug|x64.ActiveCfg = Debug|x64
		{D922F76B-991A-4BCF-B041-6F10B83EAB87}.Debug|x64.Build.0 = Debug|x64
		{D922F76B-991A-4BCF-B041-6F10B83EAB87}.Debug|x86.ActiveCfg = Debug|Win32
		{D922F76B-991A-4BCF-B041-6F10B83EAB87}.Debug|x86.Build.0 = Debug|Win32
		{D922F76B-991A-4BCF-B041-6F10B83EAB87}.Release|x64.ActiveCfg = Release|x64
		{D922F76B-991A-4BCF-B041-6F10B83EAB87}.Release|x64.Build.0 = Release|x64
		{D922F76B-991A-4BCF-B041-6F10B83EAB87}.Release|x86.ActiveCfg = Release|Win32
		{D922F76B-991A-4BCF-B041-6F10B83EAB87}.Release|x86.Build.0 = Release|Win32
		{D8947A8B-0120-43D7-B3B1-FB7BD1D30E02}.Debug|x64.ActiveCfg = Debug|x64
		{D8947A8B-0120-43D7-B3B1-FB7BD1D30E02}.Debug|x64.Build.0 = Debug|x64
		{D8947A8B-0120-43D7-B3B1-FB7BD1D30E02}.Debug|x86.ActiveCfg = Debug|Win32
		{D8947A8B-0120-43D7-B3B1-FB7BD1D30E02}.Debug|x86.Build.0 = Debug|Win32
		{D8947A8B-0120-43D7-B3B1-FB7BD1D30E02}.Release|x64.ActiveCfg = Release|x64
		{D8947A8B-0120-43D7-B3B1-FB7BD1D30E02}.Release|x64.Build.0 = Release|x64
		{D8947A8B-0120-43D7-B3B1-FB7BD1D30E02}.Release|x86.ActiveCfg = Release|Win32
		{D8947A8B-0120-43D7-B3B1-FB7BD1D30E02}.Release|x86.Build.0 = Release|Win32
		{6F400E33-B41F-446F-BBFA-12FC5CB76B1A}.Debug|x64.ActiveCfg = Debug|x64
		{6F400E33-B41F-446F-BBFA-12FC5CB76B1A}.Debug|x64.Build.0 = Debug|x64
		{6F400E33-B41F-446F-BBFA-12FC5CB76B1A}.Debug|x86.ActiveCfg = Debug|Win32
		{6F400E33-B41F-446F-BBFA-12FC5CB76B1A}.Debug|x86.Build.0 = Debug|Win32
		{6F400E33-B41F-446F-BBFA-12FC5CB76B1A}.Release|x64.ActiveCfg = Release|x64
		{6F400E33-B41F-446F-BBFA-12FC5CB76B1A}.Release|x64.Build.0 = Release|x64
		{6F400E33-B41F-446F-BBFA-12FC5CB76B1A}.Release|x86.ActiveCfg = Release|Win32
		{6F400E33-B41F-446F-BBFA-12FC5CB76B1A}.Release|x86.Build.0 = Release|Win32
		{AE4CAFFC-33E3-4556-AC83-64EE42379240}.Debug|x64.ActiveCfg = Debug|x64
		{AE4CAFFC-33E3-4556-AC83-64EE42379240}.Debug|x64.Build.0 = Debug|x64
		{AE4CAFFC-33E3-4556-AC83-64EE42379240}.Debug|x86.ActiveCfg = Debug|Win32
		{AE4CAFFC-33E3-4556-AC83-64EE42379240}.Debug|x86.Build.0 = Debug|Win32
		{AE4CAFFC-33E3-4556-AC83-64EE42379240}.Release|x64.ActiveCfg = Release|x64
		{AE4CAFFC-33E3-4556-AC83-64EE42379240}.Release|x64.Build.0 = Release|x64
		{AE4CAFFC-33E3-4556-AC83-64EE42379240}.Release|x86.ActiveCfg = Release|Win32
		{AE4CAFFC-33E3-4556-AC83-64EE42379240}.Release|x86.Build.0 = Release|Win32
		{6724FAE2-896F-4723-9785-817751DC820F}.Debug|x64.ActiveCfg = Debug|x64
		{6724FAE2-896F-4723-9785-817751DC820F}.Debug|x64.Build.0 = Debug|x64
		{6724FAE2-896F-4723-9785-817751DC820F}.Debug|x86.ActiveCfg = Debug|Win32
		{6724FAE2-896F-4723-9785-817751DC820F}.Debug|x86.Build.0 = Debug|Win32
		{6724FAE2-896F-4723-9785-817751DC820F}.Release|x64.ActiveCfg = Release|x64
		{6724FAE2-896F-4723-9785-817751DC820F}.Release|x64.Build.0 = Release|x64
		{6724FAE2-896F-4723-9785-817751DC820F}.Release|x86.ActiveCfg = Release|Win32
		{6724FAE2-896F-4723-9785-817751DC820F}.Release|x86.Build.0 = Release|Win32
		{940B301E-FA71-48E1-86B9-A592F54A22DA}.Debug|x64.ActiveCfg = Debug|x64
		{940B301E-FA71-48E1-86B9-A592F54A22DA}.Debug|x64.Build.0 = Debug|x64
		{940B301E-FA71-48E1-86B9-A592F54A22DA}.Debug|x86.ActiveCfg = Debug|Win32
		{940B301E-FA71-48E1-86B9-A592F54A22DA}.Debug|x86.Build.0 = Debug|Win32
		{940B301E-FA71-48E1-86B9-A592F54A22DA}.Release|x64.ActiveCfg = Release|x64
		{940B301E-FA71-48E1-86B9-A592F54A22DA}.Release|x64.Build.0 = Release|x64
		{940B301E-FA71-48E1-86B9-A592F54A22DA}.Release|x86.ActiveCfg = Release|Win32
		{940B301E-FA71-48E1-86B9-A592F54A22DA}.Release|x86.Build.0 = Release|Win32
		{AB4B1DA5-2D9D-46D6-BEF3-EAB834060231}.Debug|x64.ActiveCfg = Debug|x64
		{AB4B1DA5-2D9D-46D6-BEF3-EAB834060231}.Debug|x64.Build.0 = Debug|x64
		{AB4B1DA5-2D9D-46D6-BEF3-EAB834060231}.Debug|x86.ActiveCfg = Debug|Win32
		{AB4B1DA5-2D9D-46D6-BEF3-EAB834060231}.Debug|x86.Build.0 = Debug|Win32
		{AB4B1DA5-2D9D-46D6-BEF3-EAB834060231}.Release|x64.ActiveCfg = Release|x64
		{AB4B1DA5-2D9D-46D6-BEF3-EAB834060231}.Release|x64.Build.0 = Release|x64
		{AB4B1DA5-2D9D-46D6-BEF3-EAB834060231}.Release|x86.ActiveCfg = Release|Win32
		{AB4B1DA5-2D9D-46D6-BEF3-EAB834060231}.Release|x86.Build.0 = Release|Win32
		{93140DF4-60D8-49E6-AAFD-A0EC6BC0DB23}.Debug|x64.ActiveCfg = Debug|x64
		{93140DF4-60D8-49E6-AAFD-A0EC6BC0DB23}.Debug|x64.Build.0 = Debug|x64
		{93140DF4-60D8-49E6-AAFD-A0EC6BC0DB23}.Debug|x86.ActiveCfg = Debug|Win32
		{93140DF4-60D8-49E6-AAFD-A0EC6BC0DB23}.Debug|x86.Build.0 = Debug|Win32
		{93140DF4-60D8-49E6-AAFD-A0EC6BC0DB23}.Release|x64.ActiveCfg = Release|x64
		{93140DF4-60D8-49E6-AAFD-A0EC6BC0DB23}.Release|x64.Build.0 = Release|x64
		{93140DF4-60D8-49E6-AAFD-A0EC6BC0DB23}.Release|x86.ActiveCfg = Release|Win32
		{93140DF4-60D8-49E6-AAFD-A0EC6BC0DB23}.Release|x86.Build.0 = Release|Win32
		{31123E68-0184-446A-8509-C2124ABF2094}.Debug|x64.ActiveCfg = Debug|x64
		{31123E68-0184-446A-8509-C2124ABF2094}.Debug|x64.Build.0 = Debug|x64
		{31123E68-0184-446A-8509-C2124ABF2094}.Debug|x86.ActiveCfg = Debug|Win32
		{31123E68-0184-446A-8509-C2124ABF2094}.Debug|x86.Build.0 = Debug|Win32
		{31123E68-0184-446A-8509-C2124ABF2094}.Release|x64.ActiveCfg = Release|x64
		{31123E68-0184-446A-8509-C2124ABF2094}.Release|x64.Build.0 = Release|x64
		{31123E68-0184-446A-8509-C2124ABF2094}.Release|x86.ActiveCfg = Release|Win32
		{31123E68-0184-446A-8509-C2124ABF2094}.Release|x86.Build.0 = Release|Win32
	EndGlobalSection
	GlobalSection(SolutionProperties) = preSolution
		HideSolutionNode = FALSE
	EndGlobalSection
	GlobalSection(ExtensibilityGlobals) = postSolution
		SolutionGuid = {86300441-CE96-4425-BB4E-D240E4331BD0}
	EndGlobalSection
EndGlobal
